
Microsoft Visual Studio Solution File, Format Version 12.00
# Visual Studio Version 16
VisualStudioVersion = 16.0.29503.13
MinimumVisualStudioVersion = 10.0.40219.1
Project("{FAE04EC0-301F-11D3-BF4B-00C04F79EFBC}") = "Doormat", "WpfApp1\Doormat.csproj", "{6483FC3E-3EFF-4A0A-97BF-E928F34A3542}"
EndProject
Project("{9A19103F-16F7-4668-BE54-9A1E7A4F7556}") = "DataLayer", "DataLayer\DataLayer.csproj", "{1B84C1F1-1C1F-45C5-8118-70B494418873}"
EndProject
Project("{9A19103F-16F7-4668-BE54-9A1E7A4F7556}") = "Utility", "Utility\Utility.csproj", "{F84957B2-1481-436A-BFD7-2BF71159BD51}"
EndProject
Global
	GlobalSection(SolutionConfigurationPlatforms) = preSolution
		Debug|Any CPU = Debug|Any CPU
		Release|Any CPU = Release|Any CPU
	EndGlobalSection
	GlobalSection(ProjectConfigurationPlatforms) = postSolution
		{6483FC3E-3EFF-4A0A-97BF-E928F34A3542}.Debug|Any CPU.ActiveCfg = Debug|Any CPU
		{6483FC3E-3EFF-4A0A-97BF-E928F34A3542}.Debug|Any CPU.Build.0 = Debug|Any CPU
		{6483FC3E-3EFF-4A0A-97BF-E928F34A3542}.Release|Any CPU.ActiveCfg = Release|Any CPU
		{6483FC3E-3EFF-4A0A-97BF-E928F34A3542}.Release|Any CPU.Build.0 = Release|Any CPU
		{1B84C1F1-1C1F-45C5-8118-70B494418873}.Debug|Any CPU.ActiveCfg = Debug|Any CPU
		{1B84C1F1-1C1F-45C5-8118-70B494418873}.Debug|Any CPU.Build.0 = Debug|Any CPU
		{1B84C1F1-1C1F-45C5-8118-70B494418873}.Release|Any CPU.ActiveCfg = Release|Any CPU
		{1B84C1F1-1C1F-45C5-8118-70B494418873}.Release|Any CPU.Build.0 = Release|Any CPU
		{F84957B2-1481-436A-BFD7-2BF71159BD51}.Debug|Any CPU.ActiveCfg = Debug|Any CPU
		{F84957B2-1481-436A-BFD7-2BF71159BD51}.Debug|Any CPU.Build.0 = Debug|Any CPU
		{F84957B2-1481-436A-BFD7-2BF71159BD51}.Release|Any CPU.ActiveCfg = Release|Any CPU
		{F84957B2-1481-436A-BFD7-2BF71159BD51}.Release|Any CPU.Build.0 = Release|Any CPU
	EndGlobalSection
	GlobalSection(SolutionProperties) = preSolution
		HideSolutionNode = FALSE
	EndGlobalSection
	GlobalSection(ExtensibilityGlobals) = postSolution
		SolutionGuid = {01957032-8248-4FEF-B316-C1E2B5618294}
	EndGlobalSection
EndGlobal
